
Microsoft Visual Studio Solution File, Format Version 12.00
# Visual Studio 15
VisualStudioVersion = 15.0.28307.1267
MinimumVisualStudioVersion = 10.0.40219.1
Project("{FAE04EC0-301F-11D3-BF4B-00C04F79EFBC}") = "CantPay.Android", "CantPay\CantPay.Android\CantPay.Android.csproj", "{8EF035B2-2ED4-4128-A6DB-6D4D022FEADF}"
EndProject
Project("{FAE04EC0-301F-11D3-BF4B-00C04F79EFBC}") = "CantPay.iOS", "CantPay\CantPay.iOS\CantPay.iOS.csproj", "{2D7225D6-CC74-43EC-B8F7-E91012319072}"
EndProject
Project("{FAE04EC0-301F-11D3-BF4B-00C04F79EFBC}") = "CantPay.UWP", "CantPay\CantPay.UWP\CantPay.UWP.csproj", "{E03038F0-E450-4667-83B5-90F2C2296064}"
EndProject
Project("{9A19103F-16F7-4668-BE54-9A1E7A4F7556}") = "CantPay", "CantPay\CantPay\CantPay.csproj", "{2324FEAF-0E3B-4375-BA13-891398D0B7F6}"
EndProject
Global
	GlobalSection(SolutionConfigurationPlatforms) = preSolution
		Ad-Hoc|Any CPU = Ad-Hoc|Any CPU
		Ad-Hoc|ARM = Ad-Hoc|ARM
		Ad-Hoc|iPhone = Ad-Hoc|iPhone
		Ad-Hoc|iPhoneSimulator = Ad-Hoc|iPhoneSimulator
		Ad-Hoc|x64 = Ad-Hoc|x64
		Ad-Hoc|x86 = Ad-Hoc|x86
		AppStore|Any CPU = AppStore|Any CPU
		AppStore|ARM = AppStore|ARM
		AppStore|iPhone = AppStore|iPhone
		AppStore|iPhoneSimulator = AppStore|iPhoneSimulator
		AppStore|x64 = AppStore|x64
		AppStore|x86 = AppStore|x86
		Debug|Any CPU = Debug|Any CPU
		Debug|ARM = Debug|ARM
		Debug|iPhone = Debug|iPhone
		Debug|iPhoneSimulator = Debug|iPhoneSimulator
		Debug|x64 = Debug|x64
		Debug|x86 = Debug|x86
		Release|Any CPU = Release|Any CPU
		Release|ARM = Release|ARM
		Release|iPhone = Release|iPhone
		Release|iPhoneSimulator = Release|iPhoneSimulator
		Release|x64 = Release|x64
		Release|x86 = Release|x86
	EndGlobalSection
	GlobalSection(ProjectConfigurationPlatforms) = postSolution
		{8EF035B2-2ED4-4128-A6DB-6D4D022FEADF}.Ad-Hoc|Any CPU.ActiveCfg = Release|Any CPU
		{8EF035B2-2ED4-4128-A6DB-6D4D022FEADF}.Ad-Hoc|Any CPU.Build.0 = Release|Any CPU
		{8EF035B2-2ED4-4128-A6DB-6D4D022FEADF}.Ad-Hoc|Any CPU.Deploy.0 = Release|Any CPU
		{8EF035B2-2ED4-4128-A6DB-6D4D022FEADF}.Ad-Hoc|ARM.ActiveCfg = Release|Any CPU
		{8EF035B2-2ED4-4128-A6DB-6D4D022FEADF}.Ad-Hoc|ARM.Build.0 = Release|Any CPU
		{8EF035B2-2ED4-4128-A6DB-6D4D022FEADF}.Ad-Hoc|ARM.Deploy.0 = Release|Any CPU
		{8EF035B2-2ED4-4128-A6DB-6D4D022FEADF}.Ad-Hoc|iPhone.ActiveCfg = Release|Any CPU
		{8EF035B2-2ED4-4128-A6DB-6D4D022FEADF}.Ad-Hoc|iPhone.Build.0 = Release|Any CPU
		{8EF035B2-2ED4-4128-A6DB-6D4D022FEADF}.Ad-Hoc|iPhone.Deploy.0 = Release|Any CPU
		{8EF035B2-2ED4-4128-A6DB-6D4D022FEADF}.Ad-Hoc|iPhoneSimulator.ActiveCfg = Release|Any CPU
		{8EF035B2-2ED4-4128-A6DB-6D4D022FEADF}.Ad-Hoc|iPhoneSimulator.Build.0 = Release|Any CPU
		{8EF035B2-2ED4-4128-A6DB-6D4D022FEADF}.Ad-Hoc|iPhoneSimulator.Deploy.0 = Release|Any CPU
		{8EF035B2-2ED4-4128-A6DB-6D4D022FEADF}.Ad-Hoc|x64.ActiveCfg = Release|Any CPU
		{8EF035B2-2ED4-4128-A6DB-6D4D022FEADF}.Ad-Hoc|x64.Build.0 = Release|Any CPU
		{8EF035B2-2ED4-4128-A6DB-6D4D022FEADF}.Ad-Hoc|x64.Deploy.0 = Release|Any CPU
		{8EF035B2-2ED4-4128-A6DB-6D4D022FEADF}.Ad-Hoc|x86.ActiveCfg = Release|Any CPU
		{8EF035B2-2ED4-4128-A6DB-6D4D022FEADF}.Ad-Hoc|x86.Build.0 = Release|Any CPU
		{8EF035B2-2ED4-4128-A6DB-6D4D022FEADF}.Ad-Hoc|x86.Deploy.0 = Release|Any CPU
		{8EF035B2-2ED4-4128-A6DB-6D4D022FEADF}.AppStore|Any CPU.ActiveCfg = Release|Any CPU
		{8EF035B2-2ED4-4128-A6DB-6D4D022FEADF}.AppStore|Any CPU.Build.0 = Release|Any CPU
		{8EF035B2-2ED4-4128-A6DB-6D4D022FEADF}.AppStore|Any CPU.Deploy.0 = Release|Any CPU
		{8EF035B2-2ED4-4128-A6DB-6D4D022FEADF}.AppStore|ARM.ActiveCfg = Release|Any CPU
		{8EF035B2-2ED4-4128-A6DB-6D4D022FEADF}.AppStore|ARM.Build.0 = Release|Any CPU
		{8EF035B2-2ED4-4128-A6DB-6D4D022FEADF}.AppStore|ARM.Deploy.0 = Release|Any CPU
		{8EF035B2-2ED4-4128-A6DB-6D4D022FEADF}.AppStore|iPhone.ActiveCfg = Release|Any CPU
		{8EF035B2-2ED4-4128-A6DB-6D4D022FEADF}.AppStore|iPhone.Build.0 = Release|Any CPU
		{8EF035B2-2ED4-4128-A6DB-6D4D022FEADF}.AppStore|iPhone.Deploy.0 = Release|Any CPU
		{8EF035B2-2ED4-4128-A6DB-6D4D022FEADF}.AppStore|iPhoneSimulator.ActiveCfg = Release|Any CPU
		{8EF035B2-2ED4-4128-A6DB-6D4D022FEADF}.AppStore|iPhoneSimulator.Build.0 = Release|Any CPU
		{8EF035B2-2ED4-4128-A6DB-6D4D022FEADF}.AppStore|iPhoneSimulator.Deploy.0 = Release|Any CPU
		{8EF035B2-2ED4-4128-A6DB-6D4D022FEADF}.AppStore|x64.ActiveCfg = Release|Any CPU
		{8EF035B2-2ED4-4128-A6DB-6D4D022FEADF}.AppStore|x64.Build.0 = Release|Any CPU
		{8EF035B2-2ED4-4128-A6DB-6D4D022FEADF}.AppStore|x64.Deploy.0 = Release|Any CPU
		{8EF035B2-2ED4-4128-A6DB-6D4D022FEADF}.AppStore|x86.ActiveCfg = Release|Any CPU
		{8EF035B2-2ED4-4128-A6DB-6D4D022FEADF}.AppStore|x86.Build.0 = Release|Any CPU
		{8EF035B2-2ED4-4128-A6DB-6D4D022FEADF}.AppStore|x86.Deploy.0 = Release|Any CPU
		{8EF035B2-2ED4-4128-A6DB-6D4D022FEADF}.Debug|Any CPU.ActiveCfg = Debug|Any CPU
		{8EF035B2-2ED4-4128-A6DB-6D4D022FEADF}.Debug|Any CPU.Build.0 = Debug|Any CPU
		{8EF035B2-2ED4-4128-A6DB-6D4D022FEADF}.Debug|Any CPU.Deploy.0 = Debug|Any CPU
		{8EF035B2-2ED4-4128-A6DB-6D4D022FEADF}.Debug|ARM.ActiveCfg = Debug|Any CPU
		{8EF035B2-2ED4-4128-A6DB-6D4D022FEADF}.Debug|ARM.Build.0 = Debug|Any CPU
		{8EF035B2-2ED4-4128-A6DB-6D4D022FEADF}.Debug|ARM.Deploy.0 = Debug|Any CPU
		{8EF035B2-2ED4-4128-A6DB-6D4D022FEADF}.Debug|iPhone.ActiveCfg = Debug|Any CPU
		{8EF035B2-2ED4-4128-A6DB-6D4D022FEADF}.Debug|iPhone.Build.0 = Debug|Any CPU
		{8EF035B2-2ED4-4128-A6DB-6D4D022FEADF}.Debug|iPhone.Deploy.0 = Debug|Any CPU
		{8EF035B2-2ED4-4128-A6DB-6D4D022FEADF}.Debug|iPhoneSimulator.ActiveCfg = Debug|Any CPU
		{8EF035B2-2ED4-4128-A6DB-6D4D022FEADF}.Debug|iPhoneSimulator.Build.0 = Debug|Any CPU
		{8EF035B2-2ED4-4128-A6DB-6D4D022FEADF}.Debug|iPhoneSimulator.Deploy.0 = Debug|Any CPU
		{8EF035B2-2ED4-4128-A6DB-6D4D022FEADF}.Debug|x64.ActiveCfg = Debug|Any CPU
		{8EF035B2-2ED4-4128-A6DB-6D4D022FEADF}.Debug|x64.Build.0 = Debug|Any CPU
		{8EF035B2-2ED4-4128-A6DB-6D4D022FEADF}.Debug|x64.Deploy.0 = Debug|Any CPU
		{8EF035B2-2ED4-4128-A6DB-6D4D022FEADF}.Debug|x86.ActiveCfg = Debug|Any CPU
		{8EF035B2-2ED4-4128-A6DB-6D4D022FEADF}.Debug|x86.Build.0 = Debug|Any CPU
		{8EF035B2-2ED4-4128-A6DB-6D4D022FEADF}.Debug|x86.Deploy.0 = Debug|Any CPU
		{8EF035B2-2ED4-4128-A6DB-6D4D022FEADF}.Release|Any CPU.ActiveCfg = Release|Any CPU
		{8EF035B2-2ED4-4128-A6DB-6D4D022FEADF}.Release|Any CPU.Build.0 = Release|Any CPU
		{8EF035B2-2ED4-4128-A6DB-6D4D022FEADF}.Release|Any CPU.Deploy.0 = Release|Any CPU
		{8EF035B2-2ED4-4128-A6DB-6D4D022FEADF}.Release|ARM.ActiveCfg = Release|Any CPU
		{8EF035B2-2ED4-4128-A6DB-6D4D022FEADF}.Release|ARM.Build.0 = Release|Any CPU
		{8EF035B2-2ED4-4128-A6DB-6D4D022FEADF}.Release|ARM.Deploy.0 = Release|Any CPU
		{8EF035B2-2ED4-4128-A6DB-6D4D022FEADF}.Release|iPhone.ActiveCfg = Release|Any CPU
		{8EF035B2-2ED4-4128-A6DB-6D4D022FEADF}.Release|iPhone.Build.0 = Release|Any CPU
		{8EF035B2-2ED4-4128-A6DB-6D4D022FEADF}.Release|iPhone.Deploy.0 = Release|Any CPU
		{8EF035B2-2ED4-4128-A6DB-6D4D022FEADF}.Release|iPhoneSimulator.ActiveCfg = Release|Any CPU
		{8EF035B2-2ED4-4128-A6DB-6D4D022FEADF}.Release|iPhoneSimulator.Build.0 = Release|Any CPU
		{8EF035B2-2ED4-4128-A6DB-6D4D022FEADF}.Release|iPhoneSimulator.Deploy.0 = Release|Any CPU
		{8EF035B2-2ED4-4128-A6DB-6D4D022FEADF}.Release|x64.ActiveCfg = Release|Any CPU
		{8EF035B2-2ED4-4128-A6DB-6D4D022FEADF}.Release|x64.Build.0 = Release|Any CPU
		{8EF035B2-2ED4-4128-A6DB-6D4D022FEADF}.Release|x64.Deploy.0 = Release|Any CPU
		{8EF035B2-2ED4-4128-A6DB-6D4D022FEADF}.Release|x86.ActiveCfg = Release|Any CPU
		{8EF035B2-2ED4-4128-A6DB-6D4D022FEADF}.Release|x86.Build.0 = Release|Any CPU
		{8EF035B2-2ED4-4128-A6DB-6D4D022FEADF}.Release|x86.Deploy.0 = Release|Any CPU
		{2D7225D6-CC74-43EC-B8F7-E91012319072}.Ad-Hoc|Any CPU.ActiveCfg = Ad-Hoc|iPhone
		{2D7225D6-CC74-43EC-B8F7-E91012319072}.Ad-Hoc|Any CPU.Build.0 = Ad-Hoc|iPhone
		{2D7225D6-CC74-43EC-B8F7-E91012319072}.Ad-Hoc|Any CPU.Deploy.0 = Ad-Hoc|iPhone
		{2D7225D6-CC74-43EC-B8F7-E91012319072}.Ad-Hoc|ARM.ActiveCfg = Ad-Hoc|iPhone
		{2D7225D6-CC74-43EC-B8F7-E91012319072}.Ad-Hoc|ARM.Build.0 = Ad-Hoc|iPhone
		{2D7225D6-CC74-43EC-B8F7-E91012319072}.Ad-Hoc|ARM.Deploy.0 = Ad-Hoc|iPhone
		{2D7225D6-CC74-43EC-B8F7-E91012319072}.Ad-Hoc|iPhone.ActiveCfg = Ad-Hoc|iPhone
		{2D7225D6-CC74-43EC-B8F7-E91012319072}.Ad-Hoc|iPhone.Build.0 = Ad-Hoc|iPhone
		{2D7225D6-CC74-43EC-B8F7-E91012319072}.Ad-Hoc|iPhone.Deploy.0 = Ad-Hoc|iPhone
		{2D7225D6-CC74-43EC-B8F7-E91012319072}.Ad-Hoc|iPhoneSimulator.ActiveCfg = Ad-Hoc|iPhoneSimulator
		{2D7225D6-CC74-43EC-B8F7-E91012319072}.Ad-Hoc|iPhoneSimulator.Build.0 = Ad-Hoc|iPhoneSimulator
		{2D7225D6-CC74-43EC-B8F7-E91012319072}.Ad-Hoc|iPhoneSimulator.Deploy.0 = Ad-Hoc|iPhoneSimulator
		{2D7225D6-CC74-43EC-B8F7-E91012319072}.Ad-Hoc|x64.ActiveCfg = Ad-Hoc|iPhone
		{2D7225D6-CC74-43EC-B8F7-E91012319072}.Ad-Hoc|x64.Build.0 = Ad-Hoc|iPhone
		{2D7225D6-CC74-43EC-B8F7-E91012319072}.Ad-Hoc|x64.Deploy.0 = Ad-Hoc|iPhone
		{2D7225D6-CC74-43EC-B8F7-E91012319072}.Ad-Hoc|x86.ActiveCfg = Ad-Hoc|iPhone
		{2D7225D6-CC74-43EC-B8F7-E91012319072}.Ad-Hoc|x86.Build.0 = Ad-Hoc|iPhone
		{2D7225D6-CC74-43EC-B8F7-E91012319072}.Ad-Hoc|x86.Deploy.0 = Ad-Hoc|iPhone
		{2D7225D6-CC74-43EC-B8F7-E91012319072}.AppStore|Any CPU.ActiveCfg = AppStore|iPhone
		{2D7225D6-CC74-43EC-B8F7-E91012319072}.AppStore|Any CPU.Build.0 = AppStore|iPhone
		{2D7225D6-CC74-43EC-B8F7-E91012319072}.AppStore|Any CPU.Deploy.0 = AppStore|iPhone
		{2D7225D6-CC74-43EC-B8F7-E91012319072}.AppStore|ARM.ActiveCfg = AppStore|iPhone
		{2D7225D6-CC74-43EC-B8F7-E91012319072}.AppStore|ARM.Build.0 = AppStore|iPhone
		{2D7225D6-CC74-43EC-B8F7-E91012319072}.AppStore|ARM.Deploy.0 = AppStore|iPhone
		{2D7225D6-CC74-43EC-B8F7-E91012319072}.AppStore|iPhone.ActiveCfg = AppStore|iPhone
		{2D7225D6-CC74-43EC-B8F7-E91012319072}.AppStore|iPhone.Build.0 = AppStore|iPhone
		{2D7225D6-CC74-43EC-B8F7-E91012319072}.AppStore|iPhone.Deploy.0 = AppStore|iPhone
		{2D7225D6-CC74-43EC-B8F7-E91012319072}.AppStore|iPhoneSimulator.ActiveCfg = AppStore|iPhoneSimulator
		{2D7225D6-CC74-43EC-B8F7-E91012319072}.AppStore|iPhoneSimulator.Build.0 = AppStore|iPhoneSimulator
		{2D7225D6-CC74-43EC-B8F7-E91012319072}.AppStore|iPhoneSimulator.Deploy.0 = AppStore|iPhoneSimulator
		{2D7225D6-CC74-43EC-B8F7-E91012319072}.AppStore|x64.ActiveCfg = AppStore|iPhone
		{2D7225D6-CC74-43EC-B8F7-E91012319072}.AppStore|x64.Build.0 = AppStore|iPhone
		{2D7225D6-CC74-43EC-B8F7-E91012319072}.AppStore|x64.Deploy.0 = AppStore|iPhone
		{2D7225D6-CC74-43EC-B8F7-E91012319072}.AppStore|x86.ActiveCfg = AppStore|iPhone
		{2D7225D6-CC74-43EC-B8F7-E91012319072}.AppStore|x86.Build.0 = AppStore|iPhone
		{2D7225D6-CC74-43EC-B8F7-E91012319072}.AppStore|x86.Deploy.0 = AppStore|iPhone
		{2D7225D6-CC74-43EC-B8F7-E91012319072}.Debug|Any CPU.ActiveCfg = Debug|iPhoneSimulator
		{2D7225D6-CC74-43EC-B8F7-E91012319072}.Debug|Any CPU.Build.0 = Debug|iPhoneSimulator
		{2D7225D6-CC74-43EC-B8F7-E91012319072}.Debug|Any CPU.Deploy.0 = Debug|iPhoneSimulator
		{2D7225D6-CC74-43EC-B8F7-E91012319072}.Debug|ARM.ActiveCfg = Debug|iPhone
		{2D7225D6-CC74-43EC-B8F7-E91012319072}.Debug|ARM.Build.0 = Debug|iPhone
		{2D7225D6-CC74-43EC-B8F7-E91012319072}.Debug|ARM.Deploy.0 = Debug|iPhone
		{2D7225D6-CC74-43EC-B8F7-E91012319072}.Debug|iPhone.ActiveCfg = Debug|iPhone
		{2D7225D6-CC74-43EC-B8F7-E91012319072}.Debug|iPhone.Build.0 = Debug|iPhone
		{2D7225D6-CC74-43EC-B8F7-E91012319072}.Debug|iPhone.Deploy.0 = Debug|iPhone
		{2D7225D6-CC74-43EC-B8F7-E91012319072}.Debug|iPhoneSimulator.ActiveCfg = Debug|iPhoneSimulator
		{2D7225D6-CC74-43EC-B8F7-E91012319072}.Debug|iPhoneSimulator.Build.0 = Debug|iPhoneSimulator
		{2D7225D6-CC74-43EC-B8F7-E91012319072}.Debug|iPhoneSimulator.Deploy.0 = Debug|iPhoneSimulator
		{2D7225D6-CC74-43EC-B8F7-E91012319072}.Debug|x64.ActiveCfg = Debug|iPhone
		{2D7225D6-CC74-43EC-B8F7-E91012319072}.Debug|x64.Build.0 = Debug|iPhone
		{2D7225D6-CC74-43EC-B8F7-E91012319072}.Debug|x64.Deploy.0 = Debug|iPhone
		{2D7225D6-CC74-43EC-B8F7-E91012319072}.Debug|x86.ActiveCfg = Debug|iPhone
		{2D7225D6-CC74-43EC-B8F7-E91012319072}.Debug|x86.Build.0 = Debug|iPhone
		{2D7225D6-CC74-43EC-B8F7-E91012319072}.Debug|x86.Deploy.0 = Debug|iPhone
		{2D7225D6-CC74-43EC-B8F7-E91012319072}.Release|Any CPU.ActiveCfg = Release|iPhone
		{2D7225D6-CC74-43EC-B8F7-E91012319072}.Release|Any CPU.Build.0 = Release|iPhone
		{2D7225D6-CC74-43EC-B8F7-E91012319072}.Release|Any CPU.Deploy.0 = Release|iPhone
		{2D7225D6-CC74-43EC-B8F7-E91012319072}.Release|ARM.ActiveCfg = Release|iPhone
		{2D7225D6-CC74-43EC-B8F7-E91012319072}.Release|ARM.Build.0 = Release|iPhone
		{2D7225D6-CC74-43EC-B8F7-E91012319072}.Release|ARM.Deploy.0 = Release|iPhone
		{2D7225D6-CC74-43EC-B8F7-E91012319072}.Release|iPhone.ActiveCfg = Release|iPhone
		{2D7225D6-CC74-43EC-B8F7-E91012319072}.Release|iPhone.Build.0 = Release|iPhone
		{2D7225D6-CC74-43EC-B8F7-E91012319072}.Release|iPhone.Deploy.0 = Release|iPhone
		{2D7225D6-CC74-43EC-B8F7-E91012319072}.Release|iPhoneSimulator.ActiveCfg = Release|iPhoneSimulator
		{2D7225D6-CC74-43EC-B8F7-E91012319072}.Release|iPhoneSimulator.Build.0 = Release|iPhoneSimulator
		{2D7225D6-CC74-43EC-B8F7-E91012319072}.Release|iPhoneSimulator.Deploy.0 = Release|iPhoneSimulator
		{2D7225D6-CC74-43EC-B8F7-E91012319072}.Release|x64.ActiveCfg = Release|iPhone
		{2D7225D6-CC74-43EC-B8F7-E91012319072}.Release|x64.Build.0 = Release|iPhone
		{2D7225D6-CC74-43EC-B8F7-E91012319072}.Release|x64.Deploy.0 = Release|iPhone
		{2D7225D6-CC74-43EC-B8F7-E91012319072}.Release|x86.ActiveCfg = Release|iPhone
		{2D7225D6-CC74-43EC-B8F7-E91012319072}.Release|x86.Build.0 = Release|iPhone
		{2D7225D6-CC74-43EC-B8F7-E91012319072}.Release|x86.Deploy.0 = Release|iPhone
		{E03038F0-E450-4667-83B5-90F2C2296064}.Ad-Hoc|Any CPU.ActiveCfg = Release|x86
		{E03038F0-E450-4667-83B5-90F2C2296064}.Ad-Hoc|Any CPU.Build.0 = Release|x86
		{E03038F0-E450-4667-83B5-90F2C2296064}.Ad-Hoc|Any CPU.Deploy.0 = Release|x86
		{E03038F0-E450-4667-83B5-90F2C2296064}.Ad-Hoc|ARM.ActiveCfg = Release|ARM
		{E03038F0-E450-4667-83B5-90F2C2296064}.Ad-Hoc|ARM.Build.0 = Release|ARM
		{E03038F0-E450-4667-83B5-90F2C2296064}.Ad-Hoc|ARM.Deploy.0 = Release|ARM
		{E03038F0-E450-4667-83B5-90F2C2296064}.Ad-Hoc|iPhone.ActiveCfg = Release|x86
		{E03038F0-E450-4667-83B5-90F2C2296064}.Ad-Hoc|iPhone.Build.0 = Release|x86
		{E03038F0-E450-4667-83B5-90F2C2296064}.Ad-Hoc|iPhone.Deploy.0 = Release|x86
		{E03038F0-E450-4667-83B5-90F2C2296064}.Ad-Hoc|iPhoneSimulator.ActiveCfg = Release|x86
		{E03038F0-E450-4667-83B5-90F2C2296064}.Ad-Hoc|iPhoneSimulator.Build.0 = Release|x86
		{E03038F0-E450-4667-83B5-90F2C2296064}.Ad-Hoc|iPhoneSimulator.Deploy.0 = Release|x86
		{E03038F0-E450-4667-83B5-90F2C2296064}.Ad-Hoc|x64.ActiveCfg = Release|x64
		{E03038F0-E450-4667-83B5-90F2C2296064}.Ad-Hoc|x64.Build.0 = Release|x64
		{E03038F0-E450-4667-83B5-90F2C2296064}.Ad-Hoc|x64.Deploy.0 = Release|x64
		{E03038F0-E450-4667-83B5-90F2C2296064}.Ad-Hoc|x86.ActiveCfg = Release|x86
		{E03038F0-E450-4667-83B5-90F2C2296064}.Ad-Hoc|x86.Build.0 = Release|x86
		{E03038F0-E450-4667-83B5-90F2C2296064}.Ad-Hoc|x86.Deploy.0 = Release|x86
		{E03038F0-E450-4667-83B5-90F2C2296064}.AppStore|Any CPU.ActiveCfg = Release|x86
		{E03038F0-E450-4667-83B5-90F2C2296064}.AppStore|Any CPU.Build.0 = Release|x86
		{E03038F0-E450-4667-83B5-90F2C2296064}.AppStore|Any CPU.Deploy.0 = Release|x86
		{E03038F0-E450-4667-83B5-90F2C2296064}.AppStore|ARM.ActiveCfg = Release|ARM
		{E03038F0-E450-4667-83B5-90F2C2296064}.AppStore|ARM.Build.0 = Release|ARM
		{E03038F0-E450-4667-83B5-90F2C2296064}.AppStore|ARM.Deploy.0 = Release|ARM
		{E03038F0-E450-4667-83B5-90F2C2296064}.AppStore|iPhone.ActiveCfg = Release|x86
		{E03038F0-E450-4667-83B5-90F2C2296064}.AppStore|iPhone.Build.0 = Release|x86
		{E03038F0-E450-4667-83B5-90F2C2296064}.AppStore|iPhone.Deploy.0 = Release|x86
		{E03038F0-E450-4667-83B5-90F2C2296064}.AppStore|iPhoneSimulator.ActiveCfg = Release|x86
		{E03038F0-E450-4667-83B5-90F2C2296064}.AppStore|iPhoneSimulator.Build.0 = Release|x86
		{E03038F0-E450-4667-83B5-90F2C2296064}.AppStore|iPhoneSimulator.Deploy.0 = Release|x86
		{E03038F0-E450-4667-83B5-90F2C2296064}.AppStore|x64.ActiveCfg = Release|x64
		{E03038F0-E450-4667-83B5-90F2C2296064}.AppStore|x64.Build.0 = Release|x64
		{E03038F0-E450-4667-83B5-90F2C2296064}.AppStore|x64.Deploy.0 = Release|x64
		{E03038F0-E450-4667-83B5-90F2C2296064}.AppStore|x86.ActiveCfg = Release|x86
		{E03038F0-E450-4667-83B5-90F2C2296064}.AppStore|x86.Build.0 = Release|x86
		{E03038F0-E450-4667-83B5-90F2C2296064}.AppStore|x86.Deploy.0 = Release|x86
		{E03038F0-E450-4667-83B5-90F2C2296064}.Debug|Any CPU.ActiveCfg = Debug|x86
		{E03038F0-E450-4667-83B5-90F2C2296064}.Debug|Any CPU.Build.0 = Debug|x86
		{E03038F0-E450-4667-83B5-90F2C2296064}.Debug|Any CPU.Deploy.0 = Debug|x86
		{E03038F0-E450-4667-83B5-90F2C2296064}.Debug|ARM.ActiveCfg = Debug|ARM
		{E03038F0-E450-4667-83B5-90F2C2296064}.Debug|ARM.Build.0 = Debug|ARM
		{E03038F0-E450-4667-83B5-90F2C2296064}.Debug|ARM.Deploy.0 = Debug|ARM
		{E03038F0-E450-4667-83B5-90F2C2296064}.Debug|iPhone.ActiveCfg = Debug|x86
		{E03038F0-E450-4667-83B5-90F2C2296064}.Debug|iPhone.Build.0 = Debug|x86
		{E03038F0-E450-4667-83B5-90F2C2296064}.Debug|iPhone.Deploy.0 = Debug|x86
		{E03038F0-E450-4667-83B5-90F2C2296064}.Debug|iPhoneSimulator.ActiveCfg = Debug|x86
		{E03038F0-E450-4667-83B5-90F2C2296064}.Debug|iPhoneSimulator.Build.0 = Debug|x86
		{E03038F0-E450-4667-83B5-90F2C2296064}.Debug|iPhoneSimulator.Deploy.0 = Debug|x86
		{E03038F0-E450-4667-83B5-90F2C2296064}.Debug|x64.ActiveCfg = Debug|x64
		{E03038F0-E450-4667-83B5-90F2C2296064}.Debug|x64.Build.0 = Debug|x64
		{E03038F0-E450-4667-83B5-90F2C2296064}.Debug|x64.Deploy.0 = Debug|x64
		{E03038F0-E450-4667-83B5-90F2C2296064}.Debug|x86.ActiveCfg = Debug|x86
		{E03038F0-E450-4667-83B5-90F2C2296064}.Debug|x86.Build.0 = Debug|x86
		{E03038F0-E450-4667-83B5-90F2C2296064}.Debug|x86.Deploy.0 = Debug|x86
		{E03038F0-E450-4667-83B5-90F2C2296064}.Release|Any CPU.ActiveCfg = Release|x86
		{E03038F0-E450-4667-83B5-90F2C2296064}.Release|Any CPU.Build.0 = Release|x86
		{E03038F0-E450-4667-83B5-90F2C2296064}.Release|Any CPU.Deploy.0 = Release|x86
		{E03038F0-E450-4667-83B5-90F2C2296064}.Release|ARM.ActiveCfg = Release|ARM
		{E03038F0-E450-4667-83B5-90F2C2296064}.Release|ARM.Build.0 = Release|ARM
		{E03038F0-E450-4667-83B5-90F2C2296064}.Release|ARM.Deploy.0 = Release|ARM
		{E03038F0-E450-4667-83B5-90F2C2296064}.Release|iPhone.ActiveCfg = Release|x86
		{E03038F0-E450-4667-83B5-90F2C2296064}.Release|iPhone.Build.0 = Release|x86
		{E03038F0-E450-4667-83B5-90F2C2296064}.Release|iPhone.Deploy.0 = Release|x86
		{E03038F0-E450-4667-83B5-90F2C2296064}.Release|iPhoneSimulator.ActiveCfg = Release|x86
		{E03038F0-E450-4667-83B5-90F2C2296064}.Release|iPhoneSimulator.Build.0 = Release|x86
		{E03038F0-E450-4667-83B5-90F2C2296064}.Release|iPhoneSimulator.Deploy.0 = Release|x86
		{E03038F0-E450-4667-83B5-90F2C2296064}.Release|x64.ActiveCfg = Release|x64
		{E03038F0-E450-4667-83B5-90F2C2296064}.Release|x64.Build.0 = Release|x64
		{E03038F0-E450-4667-83B5-90F2C2296064}.Release|x64.Deploy.0 = Release|x64
		{E03038F0-E450-4667-83B5-90F2C2296064}.Release|x86.ActiveCfg = Release|x86
		{E03038F0-E450-4667-83B5-90F2C2296064}.Release|x86.Build.0 = Release|x86
		{E03038F0-E450-4667-83B5-90F2C2296064}.Release|x86.Deploy.0 = Release|x86
		{2324FEAF-0E3B-4375-BA13-891398D0B7F6}.Ad-Hoc|Any CPU.ActiveCfg = Debug|Any CPU
		{2324FEAF-0E3B-4375-BA13-891398D0B7F6}.Ad-Hoc|Any CPU.Build.0 = Debug|Any CPU
		{2324FEAF-0E3B-4375-BA13-891398D0B7F6}.Ad-Hoc|Any CPU.Deploy.0 = Debug|Any CPU
		{2324FEAF-0E3B-4375-BA13-891398D0B7F6}.Ad-Hoc|ARM.ActiveCfg = Debug|Any CPU
		{2324FEAF-0E3B-4375-BA13-891398D0B7F6}.Ad-Hoc|ARM.Build.0 = Debug|Any CPU
		{2324FEAF-0E3B-4375-BA13-891398D0B7F6}.Ad-Hoc|ARM.Deploy.0 = Debug|Any CPU
		{2324FEAF-0E3B-4375-BA13-891398D0B7F6}.Ad-Hoc|iPhone.ActiveCfg = Debug|Any CPU
		{2324FEAF-0E3B-4375-BA13-891398D0B7F6}.Ad-Hoc|iPhone.Build.0 = Debug|Any CPU
		{2324FEAF-0E3B-4375-BA13-891398D0B7F6}.Ad-Hoc|iPhone.Deploy.0 = Debug|Any CPU
		{2324FEAF-0E3B-4375-BA13-891398D0B7F6}.Ad-Hoc|iPhoneSimulator.ActiveCfg = Debug|Any CPU
		{2324FEAF-0E3B-4375-BA13-891398D0B7F6}.Ad-Hoc|iPhoneSimulator.Build.0 = Debug|Any CPU
		{2324FEAF-0E3B-4375-BA13-891398D0B7F6}.Ad-Hoc|iPhoneSimulator.Deploy.0 = Debug|Any CPU
		{2324FEAF-0E3B-4375-BA13-891398D0B7F6}.Ad-Hoc|x64.ActiveCfg = Debug|Any CPU
		{2324FEAF-0E3B-4375-BA13-891398D0B7F6}.Ad-Hoc|x64.Build.0 = Debug|Any CPU
		{2324FEAF-0E3B-4375-BA13-891398D0B7F6}.Ad-Hoc|x64.Deploy.0 = Debug|Any CPU
		{2324FEAF-0E3B-4375-BA13-891398D0B7F6}.Ad-Hoc|x86.ActiveCfg = Debug|Any CPU
		{2324FEAF-0E3B-4375-BA13-891398D0B7F6}.Ad-Hoc|x86.Build.0 = Debug|Any CPU
		{2324FEAF-0E3B-4375-BA13-891398D0B7F6}.Ad-Hoc|x86.Deploy.0 = Debug|Any CPU
		{2324FEAF-0E3B-4375-BA13-891398D0B7F6}.AppStore|Any CPU.ActiveCfg = Debug|Any CPU
		{2324FEAF-0E3B-4375-BA13-891398D0B7F6}.AppStore|Any CPU.Build.0 = Debug|Any CPU
		{2324FEAF-0E3B-4375-BA13-891398D0B7F6}.AppStore|Any CPU.Deploy.0 = Debug|Any CPU
		{2324FEAF-0E3B-4375-BA13-891398D0B7F6}.AppStore|ARM.ActiveCfg = Debug|Any CPU
		{2324FEAF-0E3B-4375-BA13-891398D0B7F6}.AppStore|ARM.Build.0 = Debug|Any CPU
		{2324FEAF-0E3B-4375-BA13-891398D0B7F6}.AppStore|ARM.Deploy.0 = Debug|Any CPU
		{2324FEAF-0E3B-4375-BA13-891398D0B7F6}.AppStore|iPhone.ActiveCfg = Debug|Any CPU
		{2324FEAF-0E3B-4375-BA13-891398D0B7F6}.AppStore|iPhone.Build.0 = Debug|Any CPU
		{2324FEAF-0E3B-4375-BA13-891398D0B7F6}.AppStore|iPhone.Deploy.0 = Debug|Any CPU
		{2324FEAF-0E3B-4375-BA13-891398D0B7F6}.AppStore|iPhoneSimulator.ActiveCfg = Debug|Any CPU
		{2324FEAF-0E3B-4375-BA13-891398D0B7F6}.AppStore|iPhoneSimulator.Build.0 = Debug|Any CPU
		{2324FEAF-0E3B-4375-BA13-891398D0B7F6}.AppStore|iPhoneSimulator.Deploy.0 = Debug|Any CPU
		{2324FEAF-0E3B-4375-BA13-891398D0B7F6}.AppStore|x64.ActiveCfg = Debug|Any CPU
		{2324FEAF-0E3B-4375-BA13-891398D0B7F6}.AppStore|x64.Build.0 = Debug|Any CPU
		{2324FEAF-0E3B-4375-BA13-891398D0B7F6}.AppStore|x64.Deploy.0 = Debug|Any CPU
		{2324FEAF-0E3B-4375-BA13-891398D0B7F6}.AppStore|x86.ActiveCfg = Debug|Any CPU
		{2324FEAF-0E3B-4375-BA13-891398D0B7F6}.AppStore|x86.Build.0 = Debug|Any CPU
		{2324FEAF-0E3B-4375-BA13-891398D0B7F6}.AppStore|x86.Deploy.0 = Debug|Any CPU
		{2324FEAF-0E3B-4375-BA13-891398D0B7F6}.Debug|Any CPU.ActiveCfg = Debug|Any CPU
		{2324FEAF-0E3B-4375-BA13-891398D0B7F6}.Debug|Any CPU.Build.0 = Debug|Any CPU
		{2324FEAF-0E3B-4375-BA13-891398D0B7F6}.Debug|Any CPU.Deploy.0 = Debug|Any CPU
		{2324FEAF-0E3B-4375-BA13-891398D0B7F6}.Debug|ARM.ActiveCfg = Debug|Any CPU
		{2324FEAF-0E3B-4375-BA13-891398D0B7F6}.Debug|ARM.Build.0 = Debug|Any CPU
		{2324FEAF-0E3B-4375-BA13-891398D0B7F6}.Debug|ARM.Deploy.0 = Debug|Any CPU
		{2324FEAF-0E3B-4375-BA13-891398D0B7F6}.Debug|iPhone.ActiveCfg = Debug|Any CPU
		{2324FEAF-0E3B-4375-BA13-891398D0B7F6}.Debug|iPhone.Build.0 = Debug|Any CPU
		{2324FEAF-0E3B-4375-BA13-891398D0B7F6}.Debug|iPhone.Deploy.0 = Debug|Any CPU
		{2324FEAF-0E3B-4375-BA13-891398D0B7F6}.Debug|iPhoneSimulator.ActiveCfg = Debug|Any CPU
		{2324FEAF-0E3B-4375-BA13-891398D0B7F6}.Debug|iPhoneSimulator.Build.0 = Debug|Any CPU
		{2324FEAF-0E3B-4375-BA13-891398D0B7F6}.Debug|iPhoneSimulator.Deploy.0 = Debug|Any CPU
		{2324FEAF-0E3B-4375-BA13-891398D0B7F6}.Debug|x64.ActiveCfg = Debug|Any CPU
		{2324FEAF-0E3B-4375-BA13-891398D0B7F6}.Debug|x64.Build.0 = Debug|Any CPU
		{2324FEAF-0E3B-4375-BA13-891398D0B7F6}.Debug|x64.Deploy.0 = Debug|Any CPU
		{2324FEAF-0E3B-4375-BA13-891398D0B7F6}.Debug|x86.ActiveCfg = Debug|Any CPU
		{2324FEAF-0E3B-4375-BA13-891398D0B7F6}.Debug|x86.Build.0 = Debug|Any CPU
		{2324FEAF-0E3B-4375-BA13-891398D0B7F6}.Debug|x86.Deploy.0 = Debug|Any CPU
		{2324FEAF-0E3B-4375-BA13-891398D0B7F6}.Release|Any CPU.ActiveCfg = Release|Any CPU
		{2324FEAF-0E3B-4375-BA13-891398D0B7F6}.Release|Any CPU.Build.0 = Release|Any CPU
		{2324FEAF-0E3B-4375-BA13-891398D0B7F6}.Release|Any CPU.Deploy.0 = Release|Any CPU
		{2324FEAF-0E3B-4375-BA13-891398D0B7F6}.Release|ARM.ActiveCfg = Release|Any CPU
		{2324FEAF-0E3B-4375-BA13-891398D0B7F6}.Release|ARM.Build.0 = Release|Any CPU
		{2324FEAF-0E3B-4375-BA13-891398D0B7F6}.Release|ARM.Deploy.0 = Release|Any CPU
		{2324FEAF-0E3B-4375-BA13-891398D0B7F6}.Release|iPhone.ActiveCfg = Release|Any CPU
		{2324FEAF-0E3B-4375-BA13-891398D0B7F6}.Release|iPhone.Build.0 = Release|Any CPU
		{2324FEAF-0E3B-4375-BA13-891398D0B7F6}.Release|iPhone.Deploy.0 = Release|Any CPU
		{2324FEAF-0E3B-4375-BA13-891398D0B7F6}.Release|iPhoneSimulator.ActiveCfg = Release|Any CPU
		{2324FEAF-0E3B-4375-BA13-891398D0B7F6}.Release|iPhoneSimulator.Build.0 = Release|Any CPU
		{2324FEAF-0E3B-4375-BA13-891398D0B7F6}.Release|iPhoneSimulator.Deploy.0 = Release|Any CPU
		{2324FEAF-0E3B-4375-BA13-891398D0B7F6}.Release|x64.ActiveCfg = Release|Any CPU
		{2324FEAF-0E3B-4375-BA13-891398D0B7F6}.Release|x64.Build.0 = Release|Any CPU
		{2324FEAF-0E3B-4375-BA13-891398D0B7F6}.Release|x64.Deploy.0 = Release|Any CPU
		{2324FEAF-0E3B-4375-BA13-891398D0B7F6}.Release|x86.ActiveCfg = Release|Any CPU
		{2324FEAF-0E3B-4375-BA13-891398D0B7F6}.Release|x86.Build.0 = Release|Any CPU
		{2324FEAF-0E3B-4375-BA13-891398D0B7F6}.Release|x86.Deploy.0 = Release|Any CPU
	EndGlobalSection
	GlobalSection(SolutionProperties) = preSolution
		HideSolutionNode = FALSE
	EndGlobalSection
	GlobalSection(ExtensibilityGlobals) = postSolution
		SolutionGuid = {1F6E3188-5BA7-4AED-B925-9EA40ECBCC85}
	EndGlobalSection
EndGlobal
